
Microsoft Visual Studio Solution File, Format Version 12.00
# Visual Studio Version 16
VisualStudioVersion = 16.0.30413.136
MinimumVisualStudioVersion = 10.0.40219.1
Project("{FAE04EC0-301F-11D3-BF4B-00C04F79EFBC}") = "serverdata", "serverdata\serverdata.csproj", "{413E13C3-FD4D-4411-95B4-A48D0B80CE95}"
EndProject
Global
	GlobalSection(SolutionConfigurationPlatforms) = preSolution
		Debug|Any CPU = Debug|Any CPU
		Release|Any CPU = Release|Any CPU
	EndGlobalSection
	GlobalSection(ProjectConfigurationPlatforms) = postSolution
		{413E13C3-FD4D-4411-95B4-A48D0B80CE95}.Debug|Any CPU.ActiveCfg = Debug|Any CPU
		{413E13C3-FD4D-4411-95B4-A48D0B80CE95}.Debug|Any CPU.Build.0 = Debug|Any CPU
		{413E13C3-FD4D-4411-95B4-A48D0B80CE95}.Release|Any CPU.ActiveCfg = Release|Any CPU
		{413E13C3-FD4D-4411-95B4-A48D0B80CE95}.Release|Any CPU.Build.0 = Release|Any CPU
	EndGlobalSection
	GlobalSection(SolutionProperties) = preSolution
		HideSolutionNode = FALSE
	EndGlobalSection
	GlobalSection(ExtensibilityGlobals) = postSolution
		SolutionGuid = {16DA34B6-557A-4E38-AACC-FE33EB7AD558}
	EndGlobalSection
EndGlobal
